
Microsoft Visual Studio Solution File, Format Version 12.00
# Visual Studio Version 16
VisualStudioVersion = 16.0.30011.22
MinimumVisualStudioVersion = 10.0.40219.1
Project("{FAE04EC0-301F-11D3-BF4B-00C04F79EFBC}") = "ZGAF_DELR_EXAMEN_2P.UWP", "ZGAF_DELR_EXAMEN_2P\ZGAF_DELR_EXAMEN_2P.UWP\ZGAF_DELR_EXAMEN_2P.UWP.csproj", "{3699715A-2D11-40C4-A85D-238CF03EB30A}"
EndProject
Project("{FAE04EC0-301F-11D3-BF4B-00C04F79EFBC}") = "ZGAF_DELR_EXAMEN_2P.Android", "ZGAF_DELR_EXAMEN_2P\ZGAF_DELR_EXAMEN_2P.Android\ZGAF_DELR_EXAMEN_2P.Android.csproj", "{83BF7E7A-E808-4A5E-A632-EA9C91DC0086}"
EndProject
Project("{FAE04EC0-301F-11D3-BF4B-00C04F79EFBC}") = "ZGAF_DELR_EXAMEN_2P.iOS", "ZGAF_DELR_EXAMEN_2P\ZGAF_DELR_EXAMEN_2P.iOS\ZGAF_DELR_EXAMEN_2P.iOS.csproj", "{70B86175-57A8-4EE1-B742-FE7881DCBD34}"
EndProject
Project("{FAE04EC0-301F-11D3-BF4B-00C04F79EFBC}") = "ZGAF_DELR_EXAMEN_2P", "ZGAF_DELR_EXAMEN_2P\ZGAF_DELR_EXAMEN_2P\ZGAF_DELR_EXAMEN_2P.csproj", "{CA8944BF-0E4C-4617-94CB-67B73A947771}"
EndProject
Global
	GlobalSection(SolutionConfigurationPlatforms) = preSolution
		Debug|Any CPU = Debug|Any CPU
		Debug|ARM = Debug|ARM
		Debug|iPhone = Debug|iPhone
		Debug|iPhoneSimulator = Debug|iPhoneSimulator
		Debug|x64 = Debug|x64
		Debug|x86 = Debug|x86
		Release|Any CPU = Release|Any CPU
		Release|ARM = Release|ARM
		Release|iPhone = Release|iPhone
		Release|iPhoneSimulator = Release|iPhoneSimulator
		Release|x64 = Release|x64
		Release|x86 = Release|x86
	EndGlobalSection
	GlobalSection(ProjectConfigurationPlatforms) = postSolution
		{3699715A-2D11-40C4-A85D-238CF03EB30A}.Debug|Any CPU.ActiveCfg = Debug|x86
		{3699715A-2D11-40C4-A85D-238CF03EB30A}.Debug|Any CPU.Build.0 = Debug|x86
		{3699715A-2D11-40C4-A85D-238CF03EB30A}.Debug|Any CPU.Deploy.0 = Debug|x86
		{3699715A-2D11-40C4-A85D-238CF03EB30A}.Debug|ARM.ActiveCfg = Debug|ARM
		{3699715A-2D11-40C4-A85D-238CF03EB30A}.Debug|ARM.Build.0 = Debug|ARM
		{3699715A-2D11-40C4-A85D-238CF03EB30A}.Debug|ARM.Deploy.0 = Debug|ARM
		{3699715A-2D11-40C4-A85D-238CF03EB30A}.Debug|iPhone.ActiveCfg = Debug|x86
		{3699715A-2D11-40C4-A85D-238CF03EB30A}.Debug|iPhone.Build.0 = Debug|x86
		{3699715A-2D11-40C4-A85D-238CF03EB30A}.Debug|iPhone.Deploy.0 = Debug|x86
		{3699715A-2D11-40C4-A85D-238CF03EB30A}.Debug|iPhoneSimulator.ActiveCfg = Debug|x86
		{3699715A-2D11-40C4-A85D-238CF03EB30A}.Debug|iPhoneSimulator.Build.0 = Debug|x86
		{3699715A-2D11-40C4-A85D-238CF03EB30A}.Debug|iPhoneSimulator.Deploy.0 = Debug|x86
		{3699715A-2D11-40C4-A85D-238CF03EB30A}.Debug|x64.ActiveCfg = Debug|x64
		{3699715A-2D11-40C4-A85D-238CF03EB30A}.Debug|x64.Build.0 = Debug|x64
		{3699715A-2D11-40C4-A85D-238CF03EB30A}.Debug|x64.Deploy.0 = Debug|x64
		{3699715A-2D11-40C4-A85D-238CF03EB30A}.Debug|x86.ActiveCfg = Debug|x86
		{3699715A-2D11-40C4-A85D-238CF03EB30A}.Debug|x86.Build.0 = Debug|x86
		{3699715A-2D11-40C4-A85D-238CF03EB30A}.Debug|x86.Deploy.0 = Debug|x86
		{3699715A-2D11-40C4-A85D-238CF03EB30A}.Release|Any CPU.ActiveCfg = Release|x86
		{3699715A-2D11-40C4-A85D-238CF03EB30A}.Release|Any CPU.Build.0 = Release|x86
		{3699715A-2D11-40C4-A85D-238CF03EB30A}.Release|Any CPU.Deploy.0 = Release|x86
		{3699715A-2D11-40C4-A85D-238CF03EB30A}.Release|ARM.ActiveCfg = Release|ARM
		{3699715A-2D11-40C4-A85D-238CF03EB30A}.Release|ARM.Build.0 = Release|ARM
		{3699715A-2D11-40C4-A85D-238CF03EB30A}.Release|ARM.Deploy.0 = Release|ARM
		{3699715A-2D11-40C4-A85D-238CF03EB30A}.Release|iPhone.ActiveCfg = Release|x86
		{3699715A-2D11-40C4-A85D-238CF03EB30A}.Release|iPhone.Build.0 = Release|x86
		{3699715A-2D11-40C4-A85D-238CF03EB30A}.Release|iPhone.Deploy.0 = Release|x86
		{3699715A-2D11-40C4-A85D-238CF03EB30A}.Release|iPhoneSimulator.ActiveCfg = Release|x86
		{3699715A-2D11-40C4-A85D-238CF03EB30A}.Release|iPhoneSimulator.Build.0 = Release|x86
		{3699715A-2D11-40C4-A85D-238CF03EB30A}.Release|iPhoneSimulator.Deploy.0 = Release|x86
		{3699715A-2D11-40C4-A85D-238CF03EB30A}.Release|x64.ActiveCfg = Release|x64
		{3699715A-2D11-40C4-A85D-238CF03EB30A}.Release|x64.Build.0 = Release|x64
		{3699715A-2D11-40C4-A85D-238CF03EB30A}.Release|x64.Deploy.0 = Release|x64
		{3699715A-2D11-40C4-A85D-238CF03EB30A}.Release|x86.ActiveCfg = Release|x86
		{3699715A-2D11-40C4-A85D-238CF03EB30A}.Release|x86.Build.0 = Release|x86
		{3699715A-2D11-40C4-A85D-238CF03EB30A}.Release|x86.Deploy.0 = Release|x86
		{83BF7E7A-E808-4A5E-A632-EA9C91DC0086}.Debug|Any CPU.ActiveCfg = Debug|Any CPU
		{83BF7E7A-E808-4A5E-A632-EA9C91DC0086}.Debug|Any CPU.Build.0 = Debug|Any CPU
		{83BF7E7A-E808-4A5E-A632-EA9C91DC0086}.Debug|Any CPU.Deploy.0 = Debug|Any CPU
		{83BF7E7A-E808-4A5E-A632-EA9C91DC0086}.Debug|ARM.ActiveCfg = Debug|Any CPU
		{83BF7E7A-E808-4A5E-A632-EA9C91DC0086}.Debug|ARM.Build.0 = Debug|Any CPU
		{83BF7E7A-E808-4A5E-A632-EA9C91DC0086}.Debug|ARM.Deploy.0 = Debug|Any CPU
		{83BF7E7A-E808-4A5E-A632-EA9C91DC0086}.Debug|iPhone.ActiveCfg = Debug|Any CPU
		{83BF7E7A-E808-4A5E-A632-EA9C91DC0086}.Debug|iPhone.Build.0 = Debug|Any CPU
		{83BF7E7A-E808-4A5E-A632-EA9C91DC0086}.Debug|iPhone.Deploy.0 = Debug|Any CPU
		{83BF7E7A-E808-4A5E-A632-EA9C91DC0086}.Debug|iPhoneSimulator.ActiveCfg = Debug|Any CPU
		{83BF7E7A-E808-4A5E-A632-EA9C91DC0086}.Debug|iPhoneSimulator.Build.0 = Debug|Any CPU
		{83BF7E7A-E808-4A5E-A632-EA9C91DC0086}.Debug|iPhoneSimulator.Deploy.0 = Debug|Any CPU
		{83BF7E7A-E808-4A5E-A632-EA9C91DC0086}.Debug|x64.ActiveCfg = Debug|Any CPU
		{83BF7E7A-E808-4A5E-A632-EA9C91DC0086}.Debug|x64.Build.0 = Debug|Any CPU
		{83BF7E7A-E808-4A5E-A632-EA9C91DC0086}.Debug|x64.Deploy.0 = Debug|Any CPU
		{83BF7E7A-E808-4A5E-A632-EA9C91DC0086}.Debug|x86.ActiveCfg = Debug|Any CPU
		{83BF7E7A-E808-4A5E-A632-EA9C91DC0086}.Debug|x86.Build.0 = Debug|Any CPU
		{83BF7E7A-E808-4A5E-A632-EA9C91DC0086}.Debug|x86.Deploy.0 = Debug|Any CPU
		{83BF7E7A-E808-4A5E-A632-EA9C91DC0086}.Release|Any CPU.ActiveCfg = Release|Any CPU
		{83BF7E7A-E808-4A5E-A632-EA9C91DC0086}.Release|Any CPU.Build.0 = Release|Any CPU
		{83BF7E7A-E808-4A5E-A632-EA9C91DC0086}.Release|Any CPU.Deploy.0 = Release|Any CPU
		{83BF7E7A-E808-4A5E-A632-EA9C91DC0086}.Release|ARM.ActiveCfg = Release|Any CPU
		{83BF7E7A-E808-4A5E-A632-EA9C91DC0086}.Release|ARM.Build.0 = Release|Any CPU
		{83BF7E7A-E808-4A5E-A632-EA9C91DC0086}.Release|ARM.Deploy.0 = Release|Any CPU
		{83BF7E7A-E808-4A5E-A632-EA9C91DC0086}.Release|iPhone.ActiveCfg = Release|Any CPU
		{83BF7E7A-E808-4A5E-A632-EA9C91DC0086}.Release|iPhone.Build.0 = Release|Any CPU
		{83BF7E7A-E808-4A5E-A632-EA9C91DC0086}.Release|iPhone.Deploy.0 = Release|Any CPU
		{83BF7E7A-E808-4A5E-A632-EA9C91DC0086}.Release|iPhoneSimulator.ActiveCfg = Release|Any CPU
		{83BF7E7A-E808-4A5E-A632-EA9C91DC0086}.Release|iPhoneSimulator.Build.0 = Release|Any CPU
		{83BF7E7A-E808-4A5E-A632-EA9C91DC0086}.Release|iPhoneSimulator.Deploy.0 = Release|Any CPU
		{83BF7E7A-E808-4A5E-A632-EA9C91DC0086}.Release|x64.ActiveCfg = Release|Any CPU
		{83BF7E7A-E808-4A5E-A632-EA9C91DC0086}.Release|x64.Build.0 = Release|Any CPU
		{83BF7E7A-E808-4A5E-A632-EA9C91DC0086}.Release|x64.Deploy.0 = Release|Any CPU
		{83BF7E7A-E808-4A5E-A632-EA9C91DC0086}.Release|x86.ActiveCfg = Release|Any CPU
		{83BF7E7A-E808-4A5E-A632-EA9C91DC0086}.Release|x86.Build.0 = Release|Any CPU
		{83BF7E7A-E808-4A5E-A632-EA9C91DC0086}.Release|x86.Deploy.0 = Release|Any CPU
		{70B86175-57A8-4EE1-B742-FE7881DCBD34}.Debug|Any CPU.ActiveCfg = Debug|iPhone
		{70B86175-57A8-4EE1-B742-FE7881DCBD34}.Debug|Any CPU.Build.0 = Debug|iPhone
		{70B86175-57A8-4EE1-B742-FE7881DCBD34}.Debug|Any CPU.Deploy.0 = Debug|iPhone
		{70B86175-57A8-4EE1-B742-FE7881DCBD34}.Debug|ARM.ActiveCfg = Debug|iPhone
		{70B86175-57A8-4EE1-B742-FE7881DCBD34}.Debug|ARM.Build.0 = Debug|iPhone
		{70B86175-57A8-4EE1-B742-FE7881DCBD34}.Debug|ARM.Deploy.0 = Debug|iPhone
		{70B86175-57A8-4EE1-B742-FE7881DCBD34}.Debug|iPhone.ActiveCfg = Debug|iPhone
		{70B86175-57A8-4EE1-B742-FE7881DCBD34}.Debug|iPhone.Build.0 = Debug|iPhone
		{70B86175-57A8-4EE1-B742-FE7881DCBD34}.Debug|iPhone.Deploy.0 = Debug|iPhone
		{70B86175-57A8-4EE1-B742-FE7881DCBD34}.Debug|iPhoneSimulator.ActiveCfg = Debug|iPhoneSimulator
		{70B86175-57A8-4EE1-B742-FE7881DCBD34}.Debug|iPhoneSimulator.Build.0 = Debug|iPhoneSimulator
		{70B86175-57A8-4EE1-B742-FE7881DCBD34}.Debug|iPhoneSimulator.Deploy.0 = Debug|iPhoneSimulator
		{70B86175-57A8-4EE1-B742-FE7881DCBD34}.Debug|x64.ActiveCfg = Debug|iPhone
		{70B86175-57A8-4EE1-B742-FE7881DCBD34}.Debug|x64.Build.0 = Debug|iPhone
		{70B86175-57A8-4EE1-B742-FE7881DCBD34}.Debug|x64.Deploy.0 = Debug|iPhone
		{70B86175-57A8-4EE1-B742-FE7881DCBD34}.Debug|x86.ActiveCfg = Debug|iPhone
		{70B86175-57A8-4EE1-B742-FE7881DCBD34}.Debug|x86.Build.0 = Debug|iPhone
		{70B86175-57A8-4EE1-B742-FE7881DCBD34}.Debug|x86.Deploy.0 = Debug|iPhone
		{70B86175-57A8-4EE1-B742-FE7881DCBD34}.Release|Any CPU.ActiveCfg = Release|iPhone
		{70B86175-57A8-4EE1-B742-FE7881DCBD34}.Release|Any CPU.Build.0 = Release|iPhone
		{70B86175-57A8-4EE1-B742-FE7881DCBD34}.Release|Any CPU.Deploy.0 = Release|iPhone
		{70B86175-57A8-4EE1-B742-FE7881DCBD34}.Release|ARM.ActiveCfg = Release|iPhone
		{70B86175-57A8-4EE1-B742-FE7881DCBD34}.Release|ARM.Build.0 = Release|iPhone
		{70B86175-57A8-4EE1-B742-FE7881DCBD34}.Release|ARM.Deploy.0 = Release|iPhone
		{70B86175-57A8-4EE1-B742-FE7881DCBD34}.Release|iPhone.ActiveCfg = Release|iPhone
		{70B86175-57A8-4EE1-B742-FE7881DCBD34}.Release|iPhone.Build.0 = Release|iPhone
		{70B86175-57A8-4EE1-B742-FE7881DCBD34}.Release|iPhone.Deploy.0 = Release|iPhone
		{70B86175-57A8-4EE1-B742-FE7881DCBD34}.Release|iPhoneSimulator.ActiveCfg = Release|iPhoneSimulator
		{70B86175-57A8-4EE1-B742-FE7881DCBD34}.Release|iPhoneSimulator.Build.0 = Release|iPhoneSimulator
		{70B86175-57A8-4EE1-B742-FE7881DCBD34}.Release|iPhoneSimulator.Deploy.0 = Release|iPhoneSimulator
		{70B86175-57A8-4EE1-B742-FE7881DCBD34}.Release|x64.ActiveCfg = Release|iPhone
		{70B86175-57A8-4EE1-B742-FE7881DCBD34}.Release|x64.Build.0 = Release|iPhone
		{70B86175-57A8-4EE1-B742-FE7881DCBD34}.Release|x64.Deploy.0 = Release|iPhone
		{70B86175-57A8-4EE1-B742-FE7881DCBD34}.Release|x86.ActiveCfg = Release|iPhone
		{70B86175-57A8-4EE1-B742-FE7881DCBD34}.Release|x86.Build.0 = Release|iPhone
		{70B86175-57A8-4EE1-B742-FE7881DCBD34}.Release|x86.Deploy.0 = Release|iPhone
		{CA8944BF-0E4C-4617-94CB-67B73A947771}.Debug|Any CPU.ActiveCfg = Debug|Any CPU
		{CA8944BF-0E4C-4617-94CB-67B73A947771}.Debug|Any CPU.Build.0 = Debug|Any CPU
		{CA8944BF-0E4C-4617-94CB-67B73A947771}.Debug|Any CPU.Deploy.0 = Debug|Any CPU
		{CA8944BF-0E4C-4617-94CB-67B73A947771}.Debug|ARM.ActiveCfg = Debug|Any CPU
		{CA8944BF-0E4C-4617-94CB-67B73A947771}.Debug|ARM.Build.0 = Debug|Any CPU
		{CA8944BF-0E4C-4617-94CB-67B73A947771}.Debug|ARM.Deploy.0 = Debug|Any CPU
		{CA8944BF-0E4C-4617-94CB-67B73A947771}.Debug|iPhone.ActiveCfg = Debug|Any CPU
		{CA8944BF-0E4C-4617-94CB-67B73A947771}.Debug|iPhone.Build.0 = Debug|Any CPU
		{CA8944BF-0E4C-4617-94CB-67B73A947771}.Debug|iPhone.Deploy.0 = Debug|Any CPU
		{CA8944BF-0E4C-4617-94CB-67B73A947771}.Debug|iPhoneSimulator.ActiveCfg = Debug|Any CPU
		{CA8944BF-0E4C-4617-94CB-67B73A947771}.Debug|iPhoneSimulator.Build.0 = Debug|Any CPU
		{CA8944BF-0E4C-4617-94CB-67B73A947771}.Debug|iPhoneSimulator.Deploy.0 = Debug|Any CPU
		{CA8944BF-0E4C-4617-94CB-67B73A947771}.Debug|x64.ActiveCfg = Debug|Any CPU
		{CA8944BF-0E4C-4617-94CB-67B73A947771}.Debug|x64.Build.0 = Debug|Any CPU
		{CA8944BF-0E4C-4617-94CB-67B73A947771}.Debug|x64.Deploy.0 = Debug|Any CPU
		{CA8944BF-0E4C-4617-94CB-67B73A947771}.Debug|x86.ActiveCfg = Debug|Any CPU
		{CA8944BF-0E4C-4617-94CB-67B73A947771}.Debug|x86.Build.0 = Debug|Any CPU
		{CA8944BF-0E4C-4617-94CB-67B73A947771}.Debug|x86.Deploy.0 = Debug|Any CPU
		{CA8944BF-0E4C-4617-94CB-67B73A947771}.Release|Any CPU.ActiveCfg = Release|Any CPU
		{CA8944BF-0E4C-4617-94CB-67B73A947771}.Release|Any CPU.Build.0 = Release|Any CPU
		{CA8944BF-0E4C-4617-94CB-67B73A947771}.Release|Any CPU.Deploy.0 = Release|Any CPU
		{CA8944BF-0E4C-4617-94CB-67B73A947771}.Release|ARM.ActiveCfg = Release|Any CPU
		{CA8944BF-0E4C-4617-94CB-67B73A947771}.Release|ARM.Build.0 = Release|Any CPU
		{CA8944BF-0E4C-4617-94CB-67B73A947771}.Release|ARM.Deploy.0 = Release|Any CPU
		{CA8944BF-0E4C-4617-94CB-67B73A947771}.Release|iPhone.ActiveCfg = Release|Any CPU
		{CA8944BF-0E4C-4617-94CB-67B73A947771}.Release|iPhone.Build.0 = Release|Any CPU
		{CA8944BF-0E4C-4617-94CB-67B73A947771}.Release|iPhone.Deploy.0 = Release|Any CPU
		{CA8944BF-0E4C-4617-94CB-67B73A947771}.Release|iPhoneSimulator.ActiveCfg = Release|Any CPU
		{CA8944BF-0E4C-4617-94CB-67B73A947771}.Release|iPhoneSimulator.Build.0 = Release|Any CPU
		{CA8944BF-0E4C-4617-94CB-67B73A947771}.Release|iPhoneSimulator.Deploy.0 = Release|Any CPU
		{CA8944BF-0E4C-4617-94CB-67B73A947771}.Release|x64.ActiveCfg = Release|Any CPU
		{CA8944BF-0E4C-4617-94CB-67B73A947771}.Release|x64.Build.0 = Release|Any CPU
		{CA8944BF-0E4C-4617-94CB-67B73A947771}.Release|x64.Deploy.0 = Release|Any CPU
		{CA8944BF-0E4C-4617-94CB-67B73A947771}.Release|x86.ActiveCfg = Release|Any CPU
		{CA8944BF-0E4C-4617-94CB-67B73A947771}.Release|x86.Build.0 = Release|Any CPU
		{CA8944BF-0E4C-4617-94CB-67B73A947771}.Release|x86.Deploy.0 = Release|Any CPU
	EndGlobalSection
	GlobalSection(SolutionProperties) = preSolution
		HideSolutionNode = FALSE
	EndGlobalSection
	GlobalSection(ExtensibilityGlobals) = postSolution
		SolutionGuid = {1F189074-8622-4D5E-8208-1C881464F458}
	EndGlobalSection
EndGlobal
